// !$*UTF8*$!
{
	archiveVersion = 1;
	classes = {
	};
	objectVersion = 46;
	objects = {

/* Begin PBXBuildFile section */
		806690BC1B5013FF00DE9CD5 /* main.m in Sources */ = {isa = PBXBuildFile; fileRef = 806690BB1B5013FF00DE9CD5 /* main.m */; };
		806690BF1B5013FF00DE9CD5 /* AppDelegate.m in Sources */ = {isa = PBXBuildFile; fileRef = 806690BE1B5013FF00DE9CD5 /* AppDelegate.m */; };
		806690C21B5013FF00DE9CD5 /* HomeViewController.m in Sources */ = {isa = PBXBuildFile; fileRef = 806690C11B5013FF00DE9CD5 /* HomeViewController.m */; };
		806690C51B5013FF00DE9CD5 /* ScoresViewController.m in Sources */ = {isa = PBXBuildFile; fileRef = 806690C41B5013FF00DE9CD5 /* ScoresViewController.m */; };
		806690C81B5013FF00DE9CD5 /* Main.storyboard in Resources */ = {isa = PBXBuildFile; fileRef = 806690C61B5013FF00DE9CD5 /* Main.storyboard */; };
		806690CA1B5013FF00DE9CD5 /* Images.xcassets in Resources */ = {isa = PBXBuildFile; fileRef = 806690C91B5013FF00DE9CD5 /* Images.xcassets */; };
		806690CD1B5013FF00DE9CD5 /* LaunchScreen.xib in Resources */ = {isa = PBXBuildFile; fileRef = 806690CB1B5013FF00DE9CD5 /* LaunchScreen.xib */; };
		806690D91B5013FF00DE9CD5 /* Florida_State_Football_iOSTests.m in Sources */ = {isa = PBXBuildFile; fileRef = 806690D81B5013FF00DE9CD5 /* Florida_State_Football_iOSTests.m */; };
		806690E61B5014E200DE9CD5 /* ArticleViewController.m in Sources */ = {isa = PBXBuildFile; fileRef = 806690E31B5014E200DE9CD5 /* ArticleViewController.m */; };
		806690E71B5014E200DE9CD5 /* NewsTableViewController.m in Sources */ = {isa = PBXBuildFile; fileRef = 806690E51B5014E200DE9CD5 /* NewsTableViewController.m */; };
		806690EA1B50164E00DE9CD5 /* FSUArticle.m in Sources */ = {isa = PBXBuildFile; fileRef = 806690E91B50164E00DE9CD5 /* FSUArticle.m */; };
		806690EF1B5019E400DE9CD5 /* RadioViewController.m in Sources */ = {isa = PBXBuildFile; fileRef = 806690EE1B5019E400DE9CD5 /* RadioViewController.m */; };
/* End PBXBuildFile section */

/* Begin PBXContainerItemProxy section */
		806690D31B5013FF00DE9CD5 /* PBXContainerItemProxy */ = {
			isa = PBXContainerItemProxy;
			containerPortal = 806690AE1B5013FF00DE9CD5 /* Project object */;
			proxyType = 1;
			remoteGlobalIDString = 806690B51B5013FF00DE9CD5;
			remoteInfo = "Florida-State-Football-iOS";
		};
/* End PBXContainerItemProxy section */

/* Begin PBXFileReference section */
		806690B61B5013FF00DE9CD5 /* Florida-State-Football-iOS.app */ = {isa = PBXFileReference; explicitFileType = wrapper.application; includeInIndex = 0; path = "Florida-State-Football-iOS.app"; sourceTree = BUILT_PRODUCTS_DIR; };
		806690BA1B5013FF00DE9CD5 /* Info.plist */ = {isa = PBXFileReference; lastKnownFileType = text.plist.xml; path = Info.plist; sourceTree = "<group>"; };
		806690BB1B5013FF00DE9CD5 /* main.m */ = {isa = PBXFileReference; lastKnownFileType = sourcecode.c.objc; path = main.m; sourceTree = "<group>"; };
		806690BD1B5013FF00DE9CD5 /* AppDelegate.h */ = {isa = PBXFileReference; lastKnownFileType = sourcecode.c.h; path = AppDelegate.h; sourceTree = "<group>"; };
		806690BE1B5013FF00DE9CD5 /* AppDelegate.m */ = {isa = PBXFileReference; lastKnownFileType = sourcecode.c.objc; path = AppDelegate.m; sourceTree = "<group>"; };
		806690C01B5013FF00DE9CD5 /* HomeViewController.h */ = {isa = PBXFileReference; lastKnownFileType = sourcecode.c.h; path = HomeViewController.h; sourceTree = "<group>"; };
		806690C11B5013FF00DE9CD5 /* HomeViewController.m */ = {isa = PBXFileReference; lastKnownFileType = sourcecode.c.objc; path = HomeViewController.m; sourceTree = "<group>"; };
		806690C31B5013FF00DE9CD5 /* ScoresViewController.h */ = {isa = PBXFileReference; lastKnownFileType = sourcecode.c.h; path = ScoresViewController.h; sourceTree = "<group>"; };
		806690C41B5013FF00DE9CD5 /* ScoresViewController.m */ = {isa = PBXFileReference; lastKnownFileType = sourcecode.c.objc; path = ScoresViewController.m; sourceTree = "<group>"; };
		806690C71B5013FF00DE9CD5 /* Base */ = {isa = PBXFileReference; lastKnownFileType = file.storyboard; name = Base; path = Base.lproj/Main.storyboard; sourceTree = "<group>"; };
		806690C91B5013FF00DE9CD5 /* Images.xcassets */ = {isa = PBXFileReference; lastKnownFileType = folder.assetcatalog; path = Images.xcassets; sourceTree = "<group>"; };
		806690CC1B5013FF00DE9CD5 /* Base */ = {isa = PBXFileReference; lastKnownFileType = file.xib; name = Base; path = Base.lproj/LaunchScreen.xib; sourceTree = "<group>"; };
		806690D21B5013FF00DE9CD5 /* Florida-State-Football-iOSTests.xctest */ = {isa = PBXFileReference; explicitFileType = wrapper.cfbundle; includeInIndex = 0; path = "Florida-State-Football-iOSTests.xctest"; sourceTree = BUILT_PRODUCTS_DIR; };
		806690D71B5013FF00DE9CD5 /* Info.plist */ = {isa = PBXFileReference; lastKnownFileType = text.plist.xml; path = Info.plist; sourceTree = "<group>"; };
		806690D81B5013FF00DE9CD5 /* Florida_State_Football_iOSTests.m */ = {isa = PBXFileReference; lastKnownFileType = sourcecode.c.objc; path = Florida_State_Football_iOSTests.m; sourceTree = "<group>"; };
		806690E21B5014E200DE9CD5 /* ArticleViewController.h */ = {isa = PBXFileReference; fileEncoding = 4; lastKnownFileType = sourcecode.c.h; path = ArticleViewController.h; sourceTree = "<group>"; };
		806690E31B5014E200DE9CD5 /* ArticleViewController.m */ = {isa = PBXFileReference; fileEncoding = 4; lastKnownFileType = sourcecode.c.objc; path = ArticleViewController.m; sourceTree = "<group>"; };
		806690E41B5014E200DE9CD5 /* NewsTableViewController.h */ = {isa = PBXFileReference; fileEncoding = 4; lastKnownFileType = sourcecode.c.h; path = NewsTableViewController.h; sourceTree = "<group>"; };
		806690E51B5014E200DE9CD5 /* NewsTableViewController.m */ = {isa = PBXFileReference; fileEncoding = 4; lastKnownFileType = sourcecode.c.objc; path = NewsTableViewController.m; sourceTree = "<group>"; };
		806690E81B50164E00DE9CD5 /* FSUArticle.h */ = {isa = PBXFileReference; fileEncoding = 4; lastKnownFileType = sourcecode.c.h; path = FSUArticle.h; sourceTree = "<group>"; };
		806690E91B50164E00DE9CD5 /* FSUArticle.m */ = {isa = PBXFileReference; fileEncoding = 4; lastKnownFileType = sourcecode.c.objc; path = FSUArticle.m; sourceTree = "<group>"; };
		806690ED1B5019E400DE9CD5 /* RadioViewController.h */ = {isa = PBXFileReference; fileEncoding = 4; lastKnownFileType = sourcecode.c.h; path = RadioViewController.h; sourceTree = "<group>"; };
		806690EE1B5019E400DE9CD5 /* RadioViewController.m */ = {isa = PBXFileReference; fileEncoding = 4; lastKnownFileType = sourcecode.c.objc; path = RadioViewController.m; sourceTree = "<group>"; };
/* End PBXFileReference section */

/* Begin PBXFrameworksBuildPhase section */
		806690B31B5013FF00DE9CD5 /* Frameworks */ = {
			isa = PBXFrameworksBuildPhase;
			buildActionMask = 2147483647;
			files = (
			);
			runOnlyForDeploymentPostprocessing = 0;
		};
		806690CF1B5013FF00DE9CD5 /* Frameworks */ = {
			isa = PBXFrameworksBuildPhase;
			buildActionMask = 2147483647;
			files = (
			);
			runOnlyForDeploymentPostprocessing = 0;
		};
/* End PBXFrameworksBuildPhase section */

/* Begin PBXGroup section */
		806690AD1B5013FF00DE9CD5 = {
			isa = PBXGroup;
			children = (
				806690B81B5013FF00DE9CD5 /* Florida-State-Football-iOS */,
				806690D51B5013FF00DE9CD5 /* Florida-State-Football-iOSTests */,
				806690B71B5013FF00DE9CD5 /* Products */,
			);
			sourceTree = "<group>";
		};
		806690B71B5013FF00DE9CD5 /* Products */ = {
			isa = PBXGroup;
			children = (
				806690B61B5013FF00DE9CD5 /* Florida-State-Football-iOS.app */,
				806690D21B5013FF00DE9CD5 /* Florida-State-Football-iOSTests.xctest */,
			);
			name = Products;
			sourceTree = "<group>";
		};
		806690B81B5013FF00DE9CD5 /* Florida-State-Football-iOS */ = {
			isa = PBXGroup;
			children = (
				806690EB1B50165100DE9CD5 /* Model */,
				806690EC1B50198300DE9CD5 /* Controller */,
				806690BD1B5013FF00DE9CD5 /* AppDelegate.h */,
				806690BE1B5013FF00DE9CD5 /* AppDelegate.m */,
				806690C61B5013FF00DE9CD5 /* Main.storyboard */,
				806690C91B5013FF00DE9CD5 /* Images.xcassets */,
				806690CB1B5013FF00DE9CD5 /* LaunchScreen.xib */,
				806690B91B5013FF00DE9CD5 /* Supporting Files */,
			);
			path = "Florida-State-Football-iOS";
			sourceTree = "<group>";
		};
		806690B91B5013FF00DE9CD5 /* Supporting Files */ = {
			isa = PBXGroup;
			children = (
				806690BA1B5013FF00DE9CD5 /* Info.plist */,
				806690BB1B5013FF00DE9CD5 /* main.m */,
			);
			name = "Supporting Files";
			sourceTree = "<group>";
		};
		806690D51B5013FF00DE9CD5 /* Florida-State-Football-iOSTests */ = {
			isa = PBXGroup;
			children = (
				806690D81B5013FF00DE9CD5 /* Florida_State_Football_iOSTests.m */,
				806690D61B5013FF00DE9CD5 /* Supporting Files */,
			);
			path = "Florida-State-Football-iOSTests";
			sourceTree = "<group>";
		};
		806690D61B5013FF00DE9CD5 /* Supporting Files */ = {
			isa = PBXGroup;
			children = (
				806690D71B5013FF00DE9CD5 /* Info.plist */,
			);
			name = "Supporting Files";
			sourceTree = "<group>";
		};
		806690EB1B50165100DE9CD5 /* Model */ = {
			isa = PBXGroup;
			children = (
				806690E81B50164E00DE9CD5 /* FSUArticle.h */,
				806690E91B50164E00DE9CD5 /* FSUArticle.m */,
			);
			name = Model;
			sourceTree = "<group>";
		};
		806690EC1B50198300DE9CD5 /* Controller */ = {
			isa = PBXGroup;
			children = (
				806690C01B5013FF00DE9CD5 /* HomeViewController.h */,
				806690C11B5013FF00DE9CD5 /* HomeViewController.m */,
				806690C31B5013FF00DE9CD5 /* ScoresViewController.h */,
				806690C41B5013FF00DE9CD5 /* ScoresViewController.m */,
				806690E21B5014E200DE9CD5 /* ArticleViewController.h */,
				806690E31B5014E200DE9CD5 /* ArticleViewController.m */,
				806690E41B5014E200DE9CD5 /* NewsTableViewController.h */,
				806690E51B5014E200DE9CD5 /* NewsTableViewController.m */,
				806690ED1B5019E400DE9CD5 /* RadioViewController.h */,
				806690EE1B5019E400DE9CD5 /* RadioViewController.m */,
			);
			name = Controller;
			sourceTree = "<group>";
		};
/* End PBXGroup section */

/* Begin PBXNativeTarget section */
		806690B51B5013FF00DE9CD5 /* Florida-State-Football-iOS */ = {
			isa = PBXNativeTarget;
			buildConfigurationList = 806690DC1B5013FF00DE9CD5 /* Build configuration list for PBXNativeTarget "Florida-State-Football-iOS" */;
			buildPhases = (
				806690B21B5013FF00DE9CD5 /* Sources */,
				806690B31B5013FF00DE9CD5 /* Frameworks */,
				806690B41B5013FF00DE9CD5 /* Resources */,
			);
			buildRules = (
			);
			dependencies = (
			);
			name = "Florida-State-Football-iOS";
			productName = "Florida-State-Football-iOS";
			productReference = 806690B61B5013FF00DE9CD5 /* Florida-State-Football-iOS.app */;
			productType = "com.apple.product-type.application";
		};
		806690D11B5013FF00DE9CD5 /* Florida-State-Football-iOSTests */ = {
			isa = PBXNativeTarget;
			buildConfigurationList = 806690DF1B5013FF00DE9CD5 /* Build configuration list for PBXNativeTarget "Florida-State-Football-iOSTests" */;
			buildPhases = (
				806690CE1B5013FF00DE9CD5 /* Sources */,
				806690CF1B5013FF00DE9CD5 /* Frameworks */,
				806690D01B5013FF00DE9CD5 /* Resources */,
			);
			buildRules = (
			);
			dependencies = (
				806690D41B5013FF00DE9CD5 /* PBXTargetDependency */,
			);
			name = "Florida-State-Football-iOSTests";
			productName = "Florida-State-Football-iOSTests";
			productReference = 806690D21B5013FF00DE9CD5 /* Florida-State-Football-iOSTests.xctest */;
			productType = "com.apple.product-type.bundle.unit-test";
		};
/* End PBXNativeTarget section */

/* Begin PBXProject section */
		806690AE1B5013FF00DE9CD5 /* Project object */ = {
			isa = PBXProject;
			attributes = {
				LastUpgradeCheck = 0640;
				ORGANIZATIONNAME = "Lukas Carvajal";
				TargetAttributes = {
					806690B51B5013FF00DE9CD5 = {
						CreatedOnToolsVersion = 6.4;
					};
					806690D11B5013FF00DE9CD5 = {
						CreatedOnToolsVersion = 6.4;
						TestTargetID = 806690B51B5013FF00DE9CD5;
					};
				};
			};
			buildConfigurationList = 806690B11B5013FF00DE9CD5 /* Build configuration list for PBXProject "Florida-State-Football-iOS" */;
			compatibilityVersion = "Xcode 3.2";
			developmentRegion = English;
			hasScannedForEncodings = 0;
			knownRegions = (
				en,
				Base,
			);
			mainGroup = 806690AD1B5013FF00DE9CD5;
			productRefGroup = 806690B71B5013FF00DE9CD5 /* Products */;
			projectDirPath = "";
			projectRoot = "";
			targets = (
				806690B51B5013FF00DE9CD5 /* Florida-State-Football-iOS */,
				806690D11B5013FF00DE9CD5 /* Florida-State-Football-iOSTests */,
			);
		};
/* End PBXProject section */

/* Begin PBXResourcesBuildPhase section */
		806690B41B5013FF00DE9CD5 /* Resources */ = {
			isa = PBXResourcesBuildPhase;
			buildActionMask = 2147483647;
			files = (
				806690C81B5013FF00DE9CD5 /* Main.storyboard in Resources */,
				806690CD1B5013FF00DE9CD5 /* LaunchScreen.xib in Resources */,
				806690CA1B5013FF00DE9CD5 /* Images.xcassets in Resources */,
			);
			runOnlyForDeploymentPostprocessing = 0;
		};
		806690D01B5013FF00DE9CD5 /* Resources */ = {
			isa = PBXResourcesBuildPhase;
			buildActionMask = 2147483647;
			files = (
			);
			runOnlyForDeploymentPostprocessing = 0;
		};
/* End PBXResourcesBuildPhase section */

/* Begin PBXSourcesBuildPhase section */
		806690B21B5013FF00DE9CD5 /* Sources */ = {
			isa = PBXSourcesBuildPhase;
			buildActionMask = 2147483647;
			files = (
				806690E71B5014E200DE9CD5 /* NewsTableViewController.m in Sources */,
				806690E61B5014E200DE9CD5 /* ArticleViewController.m in Sources */,
				806690C51B5013FF00DE9CD5 /* ScoresViewController.m in Sources */,
				806690BF1B5013FF00DE9CD5 /* AppDelegate.m in Sources */,
				806690C21B5013FF00DE9CD5 /* HomeViewController.m in Sources */,
				806690BC1B5013FF00DE9CD5 /* main.m in Sources */,
				806690EF1B5019E400DE9CD5 /* RadioViewController.m in Sources */,
				806690EA1B50164E00DE9CD5 /* FSUArticle.m in Sources */,
			);
			runOnlyForDeploymentPostprocessing = 0;
		};
		806690CE1B5013FF00DE9CD5 /* Sources */ = {
			isa = PBXSourcesBuildPhase;
			buildActionMask = 2147483647;
			files = (
				806690D91B5013FF00DE9CD5 /* Florida_State_Football_iOSTests.m in Sources */,
			);
			runOnlyForDeploymentPostprocessing = 0;
		};
/* End PBXSourcesBuildPhase section */

/* Begin PBXTargetDependency section */
		806690D41B5013FF00DE9CD5 /* PBXTargetDependency */ = {
			isa = PBXTargetDependency;
			target = 806690B51B5013FF00DE9CD5 /* Florida-State-Football-iOS */;
			targetProxy = 806690D31B5013FF00DE9CD5 /* PBXContainerItemProxy */;
		};
/* End PBXTargetDependency section */

/* Begin PBXVariantGroup section */
		806690C61B5013FF00DE9CD5 /* Main.storyboard */ = {
			isa = PBXVariantGroup;
			children = (
				806690C71B5013FF00DE9CD5 /* Base */,
			);
			name = Main.storyboard;
			sourceTree = "<group>";
		};
		806690CB1B5013FF00DE9CD5 /* LaunchScreen.xib */ = {
			isa = PBXVariantGroup;
			children = (
				806690CC1B5013FF00DE9CD5 /* Base */,
			);
			name = LaunchScreen.xib;
			sourceTree = "<group>";
		};
/* End PBXVariantGroup section */

/* Begin XCBuildConfiguration section */
		806690DA1B5013FF00DE9CD5 /* Debug */ = {
			isa = XCBuildConfiguration;
			buildSettings = {
				ALWAYS_SEARCH_USER_PATHS = NO;
				CLANG_CXX_LANGUAGE_STANDARD = "gnu++0x";
				CLANG_CXX_LIBRARY = "libc++";
				CLANG_ENABLE_MODULES = YES;
				CLANG_ENABLE_OBJC_ARC = YES;
				CLANG_WARN_BOOL_CONVERSION = YES;
				CLANG_WARN_CONSTANT_CONVERSION = YES;
				CLANG_WARN_DIRECT_OBJC_ISA_USAGE = YES_ERROR;
				CLANG_WARN_EMPTY_BODY = YES;
				CLANG_WARN_ENUM_CONVERSION = YES;
				CLANG_WARN_INT_CONVERSION = YES;
				CLANG_WARN_OBJC_ROOT_CLASS = YES_ERROR;
				CLANG_WARN_UNREACHABLE_CODE = YES;
				CLANG_WARN__DUPLICATE_METHOD_MATCH = YES;
				"CODE_SIGN_IDENTITY[sdk=iphoneos*]" = "iPhone Developer";
				COPY_PHASE_STRIP = NO;
				DEBUG_INFORMATION_FORMAT = "dwarf-with-dsym";
				ENABLE_STRICT_OBJC_MSGSEND = YES;
				GCC_C_LANGUAGE_STANDARD = gnu99;
				GCC_DYNAMIC_NO_PIC = NO;
				GCC_NO_COMMON_BLOCKS = YES;
				GCC_OPTIMIZATION_LEVEL = 0;
				GCC_PREPROCESSOR_DEFINITIONS = (
					"DEBUG=1",
					"$(inherited)",
				);
				GCC_SYMBOLS_PRIVATE_EXTERN = NO;
				GCC_WARN_64_TO_32_BIT_CONVERSION = YES;
				GCC_WARN_ABOUT_RETURN_TYPE = YES_ERROR;
				GCC_WARN_UNDECLARED_SELECTOR = YES;
				GCC_WARN_UNINITIALIZED_AUTOS = YES_AGGRESSIVE;
				GCC_WARN_UNUSED_FUNCTION = YES;
				GCC_WARN_UNUSED_VARIABLE = YES;
				IPHONEOS_DEPLOYMENT_TARGET = 8.4;
				MTL_ENABLE_DEBUG_INFO = YES;
				ONLY_ACTIVE_ARCH = YES;
				SDKROOT = iphoneos;
			};
			name = Debug;
		};
		806690DB1B5013FF00DE9CD5 /* Release */ = {
			isa = XCBuildConfiguration;
			buildSettings = {
				ALWAYS_SEARCH_USER_PATHS = NO;
				CLANG_CXX_LANGUAGE_STANDARD = "gnu++0x";
				CLANG_CXX_LIBRARY = "libc++";
				CLANG_ENABLE_MODULES = YES;
				CLANG_ENABLE_OBJC_ARC = YES;
				CLANG_WARN_BOOL_CONVERSION = YES;
				CLANG_WARN_CONSTANT_CONVERSION = YES;
				CLANG_WARN_DIRECT_OBJC_ISA_USAGE = YES_ERROR;
				CLANG_WARN_EMPTY_BODY = YES;
				CLANG_WARN_ENUM_CONVERSION = YES;
				CLANG_WARN_INT_CONVERSION = YES;
				CLANG_WARN_OBJC_ROOT_CLASS = YES_ERROR;
				CLANG_WARN_UNREACHABLE_CODE = YES;
				CLANG_WARN__DUPLICATE_METHOD_MATCH = YES;
				"CODE_SIGN_IDENTITY[sdk=iphoneos*]" = "iPhone Developer";
				COPY_PHASE_STRIP = NO;
				DEBUG_INFORMATION_FORMAT = "dwarf-with-dsym";
				ENABLE_NS_ASSERTIONS = NO;
				ENABLE_STRICT_OBJC_MSGSEND = YES;
				GCC_C_LANGUAGE_STANDARD = gnu99;
				GCC_NO_COMMON_BLOCKS = YES;
				GCC_WARN_64_TO_32_BIT_CONVERSION = YES;
				GCC_WARN_ABOUT_RETURN_TYPE = YES_ERROR;
				GCC_WARN_UNDECLARED_SELECTOR = YES;
				GCC_WARN_UNINITIALIZED_AUTOS = YES_AGGRESSIVE;
				GCC_WARN_UNUSED_FUNCTION = YES;
				GCC_WARN_UNUSED_VARIABLE = YES;
				IPHONEOS_DEPLOYMENT_TARGET = 8.4;
				MTL_ENABLE_DEBUG_INFO = NO;
				SDKROOT = iphoneos;
				VALIDATE_PRODUCT = YES;
			};
			name = Release;
		};
		806690DD1B5013FF00DE9CD5 /* Debug */ = {
			isa = XCBuildConfiguration;
			buildSettings = {
				ASSETCATALOG_COMPILER_APPICON_NAME = AppIcon;
				INFOPLIST_FILE = "Florida-State-Football-iOS/Info.plist";
				LD_RUNPATH_SEARCH_PATHS = "$(inherited) @executable_path/Frameworks";
				PRODUCT_NAME = "$(TARGET_NAME)";
			};
			name = Debug;
		};
		806690DE1B5013FF00DE9CD5 /* Release */ = {
			isa = XCBuildConfiguration;
			buildSettings = {
				ASSETCATALOG_COMPILER_APPICON_NAME = AppIcon;
				INFOPLIST_FILE = "Florida-State-Football-iOS/Info.plist";
				LD_RUNPATH_SEARCH_PATHS = "$(inherited) @executable_path/Frameworks";
				PRODUCT_NAME = "$(TARGET_NAME)";
			};
			name = Release;
		};
		806690E01B5013FF00DE9CD5 /* Debug */ = {
			isa = XCBuildConfiguration;
			buildSettings = {
				BUNDLE_LOADER = "$(TEST_HOST)";
				FRAMEWORK_SEARCH_PATHS = (
					"$(SDKROOT)/Developer/Library/Frameworks",
					"$(inherited)",
				);
				GCC_PREPROCESSOR_DEFINITIONS = (
					"DEBUG=1",
					"$(inherited)",
				);
				INFOPLIST_FILE = "Florida-State-Football-iOSTests/Info.plist";
				LD_RUNPATH_SEARCH_PATHS = "$(inherited) @executable_path/Frameworks @loader_path/Frameworks";
				PRODUCT_NAME = "$(TARGET_NAME)";
				TEST_HOST = "$(BUILT_PRODUCTS_DIR)/Florida-State-Football-iOS.app/Florida-State-Football-iOS";
			};
			name = Debug;
		};
		806690E11B5013FF00DE9CD5 /* Release */ = {
			isa = XCBuildConfiguration;
			buildSettings = {
				BUNDLE_LOADER = "$(TEST_HOST)";
				FRAMEWORK_SEARCH_PATHS = (
					"$(SDKROOT)/Developer/Library/Frameworks",
					"$(inherited)",
				);
				INFOPLIST_FILE = "Florida-State-Football-iOSTests/Info.plist";
				LD_RUNPATH_SEARCH_PATHS = "$(inherited) @executable_path/Frameworks @loader_path/Frameworks";
				PRODUCT_NAME = "$(TARGET_NAME)";
				TEST_HOST = "$(BUILT_PRODUCTS_DIR)/Florida-State-Football-iOS.app/Florida-State-Football-iOS";
			};
			name = Release;
		};
/* End XCBuildConfiguration section */

/* Begin XCConfigurationList section */
		806690B11B5013FF00DE9CD5 /* Build configuration list for PBXProject "Florida-State-Football-iOS" */ = {
			isa = XCConfigurationList;
			buildConfigurations = (
				806690DA1B5013FF00DE9CD5 /* Debug */,
				806690DB1B5013FF00DE9CD5 /* Release */,
			);
			defaultConfigurationIsVisible = 0;
			defaultConfigurationName = Release;
		};
		806690DC1B5013FF00DE9CD5 /* Build configuration list for PBXNativeTarget "Florida-State-Football-iOS" */ = {
			isa = XCConfigurationList;
			buildConfigurations = (
				806690DD1B5013FF00DE9CD5 /* Debug */,
				806690DE1B5013FF00DE9CD5 /* Release */,
			);
			defaultConfigurationIsVisible = 0;
		};
		806690DF1B5013FF00DE9CD5 /* Build configuration list for PBXNativeTarget "Florida-State-Football-iOSTests" */ = {
			isa = XCConfigurationList;
			buildConfigurations = (
				806690E01B5013FF00DE9CD5 /* Debug */,
				806690E11B5013FF00DE9CD5 /* Release */,
			);
			defaultConfigurationIsVisible = 0;
		};
/* End XCConfigurationList section */
	};
	rootObject = 806690AE1B5013FF00DE9CD5 /* Project object */;
}
